
Microsoft Visual Studio Solution File, Format Version 12.00
# Visual Studio Version 16
VisualStudioVersion = 16.0.32106.194
MinimumVisualStudioVersion = 10.0.40219.1
Project("{FAE04EC0-301F-11D3-BF4B-00C04F79EFBC}") = "RetrievingData", "RetrievingData\RetrievingData.csproj", "{0B5E9A0B-E4CD-40D9-A672-8141E4E92579}"
EndProject
Global
	GlobalSection(SolutionConfigurationPlatforms) = preSolution
		Debug|Any CPU = Debug|Any CPU
		Release|Any CPU = Release|Any CPU
	EndGlobalSection
	GlobalSection(ProjectConfigurationPlatforms) = postSolution
		{0B5E9A0B-E4CD-40D9-A672-8141E4E92579}.Debug|Any CPU.ActiveCfg = Debug|Any CPU
		{0B5E9A0B-E4CD-40D9-A672-8141E4E92579}.Debug|Any CPU.Build.0 = Debug|Any CPU
		{0B5E9A0B-E4CD-40D9-A672-8141E4E92579}.Release|Any CPU.ActiveCfg = Release|Any CPU
		{0B5E9A0B-E4CD-40D9-A672-8141E4E92579}.Release|Any CPU.Build.0 = Release|Any CPU
	EndGlobalSection
	GlobalSection(SolutionProperties) = preSolution
		HideSolutionNode = FALSE
	EndGlobalSection
	GlobalSection(ExtensibilityGlobals) = postSolution
		SolutionGuid = {28A977C7-D363-407D-A363-F53AFB93BB40}
	EndGlobalSection
EndGlobal
